
Microsoft Visual Studio Solution File, Format Version 12.00
# Visual Studio Version 17
VisualStudioVersion = 17.4.33213.308
MinimumVisualStudioVersion = 10.0.40219.1
Project("{FAE04EC0-301F-11D3-BF4B-00C04F79EFBC}") = "NdiTestPatternGenerator", "NdiTestPatternGenerator.csproj", "{A9E2346D-AE46-43F9-A2B9-864A3DC16AF3}"
EndProject
Global
	GlobalSection(SolutionConfigurationPlatforms) = preSolution
		Debug|Any CPU = Debug|Any CPU
		Release|Any CPU = Release|Any CPU
	EndGlobalSection
	GlobalSection(ProjectConfigurationPlatforms) = postSolution
		{A9E2346D-AE46-43F9-A2B9-864A3DC16AF3}.Debug|Any CPU.ActiveCfg = Debug|Any CPU
		{A9E2346D-AE46-43F9-A2B9-864A3DC16AF3}.Debug|Any CPU.Build.0 = Debug|Any CPU
		{A9E2346D-AE46-43F9-A2B9-864A3DC16AF3}.Release|Any CPU.ActiveCfg = Release|Any CPU
		{A9E2346D-AE46-43F9-A2B9-864A3DC16AF3}.Release|Any CPU.Build.0 = Release|Any CPU
	EndGlobalSection
	GlobalSection(SolutionProperties) = preSolution
		HideSolutionNode = FALSE
	EndGlobalSection
	GlobalSection(ExtensibilityGlobals) = postSolution
		SolutionGuid = {60315257-E52A-4CF4-8DC0-A2C4C4495F39}
	EndGlobalSection
EndGlobal
