
Microsoft Visual Studio Solution File, Format Version 12.00
# Visual Studio Version 17
VisualStudioVersion = 17.4.33213.308
MinimumVisualStudioVersion = 10.0.40219.1
Project("{9A19103F-16F7-4668-BE54-9A1E7A4F7556}") = "NdiTestPatternGenerator", "NdiTestPatternGenerator.csproj", "{A9E2346D-AE46-43F9-A2B9-864A3DC16AF3}"
EndProject
Project("{9A19103F-16F7-4668-BE54-9A1E7A4F7556}") = "NdiDummySourceGenerator", "..\NdiDummySourceGenerator\NdiDummySourceGenerator.csproj", "{8FBA5F0B-4B95-4D0E-A143-B05F1703A572}"
EndProject
Project("{FAE04EC0-301F-11D3-BF4B-00C04F79EFBC}") = "NdiAudioMonitor", "..\NdiAudioMonitor\NdiAudioMonitor.csproj", "{35833C7E-0E47-4118-BC79-3DFAC016C787}"
EndProject
Global
	GlobalSection(SolutionConfigurationPlatforms) = preSolution
		Debug|Any CPU = Debug|Any CPU
		Release|Any CPU = Release|Any CPU
	EndGlobalSection
	GlobalSection(ProjectConfigurationPlatforms) = postSolution
		{A9E2346D-AE46-43F9-A2B9-864A3DC16AF3}.Debug|Any CPU.ActiveCfg = Debug|Any CPU
		{A9E2346D-AE46-43F9-A2B9-864A3DC16AF3}.Debug|Any CPU.Build.0 = Debug|Any CPU
		{A9E2346D-AE46-43F9-A2B9-864A3DC16AF3}.Release|Any CPU.ActiveCfg = Release|Any CPU
		{A9E2346D-AE46-43F9-A2B9-864A3DC16AF3}.Release|Any CPU.Build.0 = Release|Any CPU
		{8FBA5F0B-4B95-4D0E-A143-B05F1703A572}.Debug|Any CPU.ActiveCfg = Debug|Any CPU
		{8FBA5F0B-4B95-4D0E-A143-B05F1703A572}.Debug|Any CPU.Build.0 = Debug|Any CPU
		{8FBA5F0B-4B95-4D0E-A143-B05F1703A572}.Release|Any CPU.ActiveCfg = Release|Any CPU
		{8FBA5F0B-4B95-4D0E-A143-B05F1703A572}.Release|Any CPU.Build.0 = Release|Any CPU
		{35833C7E-0E47-4118-BC79-3DFAC016C787}.Debug|Any CPU.ActiveCfg = Debug|Any CPU
		{35833C7E-0E47-4118-BC79-3DFAC016C787}.Debug|Any CPU.Build.0 = Debug|Any CPU
		{35833C7E-0E47-4118-BC79-3DFAC016C787}.Release|Any CPU.ActiveCfg = Release|Any CPU
		{35833C7E-0E47-4118-BC79-3DFAC016C787}.Release|Any CPU.Build.0 = Release|Any CPU
	EndGlobalSection
	GlobalSection(SolutionProperties) = preSolution
		HideSolutionNode = FALSE
	EndGlobalSection
	GlobalSection(ExtensibilityGlobals) = postSolution
		SolutionGuid = {60315257-E52A-4CF4-8DC0-A2C4C4495F39}
	EndGlobalSection
EndGlobal
